
Microsoft Visual Studio Solution File, Format Version 12.00
# Visual Studio 15
VisualStudioVersion = 15.0.26430.6
MinimumVisualStudioVersion = 10.0.40219.1
Project("{FAE04EC0-301F-11D3-BF4B-00C04F79EFBC}") = "TestingAssembly", "TestingAssembly\TestingAssembly.csproj", "{4D4EC4C8-B8CF-4467-B44F-1E32B1B5C61D}"
EndProject
Project("{FAE04EC0-301F-11D3-BF4B-00C04F79EFBC}") = "AzureStone", "AzureStone\AzureStone.csproj", "{22B33829-9572-4251-8A1C-C5D55558F8FF}"
EndProject
Global
	GlobalSection(SolutionConfigurationPlatforms) = preSolution
		Debug|Any CPU = Debug|Any CPU
		Release|Any CPU = Release|Any CPU
	EndGlobalSection
	GlobalSection(ProjectConfigurationPlatforms) = postSolution
		{4D4EC4C8-B8CF-4467-B44F-1E32B1B5C61D}.Debug|Any CPU.ActiveCfg = Debug|Any CPU
		{4D4EC4C8-B8CF-4467-B44F-1E32B1B5C61D}.Debug|Any CPU.Build.0 = Debug|Any CPU
		{4D4EC4C8-B8CF-4467-B44F-1E32B1B5C61D}.Release|Any CPU.ActiveCfg = Release|Any CPU
		{4D4EC4C8-B8CF-4467-B44F-1E32B1B5C61D}.Release|Any CPU.Build.0 = Release|Any CPU
		{22B33829-9572-4251-8A1C-C5D55558F8FF}.Debug|Any CPU.ActiveCfg = Debug|Any CPU
		{22B33829-9572-4251-8A1C-C5D55558F8FF}.Debug|Any CPU.Build.0 = Debug|Any CPU
		{22B33829-9572-4251-8A1C-C5D55558F8FF}.Release|Any CPU.ActiveCfg = Release|Any CPU
		{22B33829-9572-4251-8A1C-C5D55558F8FF}.Release|Any CPU.Build.0 = Release|Any CPU
	EndGlobalSection
	GlobalSection(SolutionProperties) = preSolution
		HideSolutionNode = FALSE
	EndGlobalSection
EndGlobal
